
Microsoft Visual Studio Solution File, Format Version 12.00
# Visual Studio Version 16
VisualStudioVersion = 16.0.32510.428
MinimumVisualStudioVersion = 10.0.40219.1
Project("{FAE04EC0-301F-11D3-BF4B-00C04F79EFBC}") = "BloodDonate", "BloodDonate\BloodDonate.csproj", "{40D68C63-8C0E-477C-82F1-5E256B2F4EF6}"
EndProject
Project("{FAE04EC0-301F-11D3-BF4B-00C04F79EFBC}") = "BLL", "BLL\BLL.csproj", "{C985CD3E-A114-483F-8210-4E07E299C4BC}"
EndProject
Project("{FAE04EC0-301F-11D3-BF4B-00C04F79EFBC}") = "DAL", "DAL\DAL.csproj", "{1A98045B-62F2-4F2E-8FC4-D68187DA9EB8}"
EndProject
Global
	GlobalSection(SolutionConfigurationPlatforms) = preSolution
		Debug|Any CPU = Debug|Any CPU
		Release|Any CPU = Release|Any CPU
	EndGlobalSection
	GlobalSection(ProjectConfigurationPlatforms) = postSolution
		{40D68C63-8C0E-477C-82F1-5E256B2F4EF6}.Debug|Any CPU.ActiveCfg = Debug|Any CPU
		{40D68C63-8C0E-477C-82F1-5E256B2F4EF6}.Debug|Any CPU.Build.0 = Debug|Any CPU
		{40D68C63-8C0E-477C-82F1-5E256B2F4EF6}.Release|Any CPU.ActiveCfg = Release|Any CPU
		{40D68C63-8C0E-477C-82F1-5E256B2F4EF6}.Release|Any CPU.Build.0 = Release|Any CPU
		{C985CD3E-A114-483F-8210-4E07E299C4BC}.Debug|Any CPU.ActiveCfg = Debug|Any CPU
		{C985CD3E-A114-483F-8210-4E07E299C4BC}.Debug|Any CPU.Build.0 = Debug|Any CPU
		{C985CD3E-A114-483F-8210-4E07E299C4BC}.Release|Any CPU.ActiveCfg = Release|Any CPU
		{C985CD3E-A114-483F-8210-4E07E299C4BC}.Release|Any CPU.Build.0 = Release|Any CPU
		{1A98045B-62F2-4F2E-8FC4-D68187DA9EB8}.Debug|Any CPU.ActiveCfg = Debug|Any CPU
		{1A98045B-62F2-4F2E-8FC4-D68187DA9EB8}.Debug|Any CPU.Build.0 = Debug|Any CPU
		{1A98045B-62F2-4F2E-8FC4-D68187DA9EB8}.Release|Any CPU.ActiveCfg = Release|Any CPU
		{1A98045B-62F2-4F2E-8FC4-D68187DA9EB8}.Release|Any CPU.Build.0 = Release|Any CPU
	EndGlobalSection
	GlobalSection(SolutionProperties) = preSolution
		HideSolutionNode = FALSE
	EndGlobalSection
	GlobalSection(ExtensibilityGlobals) = postSolution
		SolutionGuid = {8461ADA2-82C6-4CD0-915A-8EF9EC3DC76D}
	EndGlobalSection
EndGlobal
